
Microsoft Visual Studio Solution File, Format Version 12.00
# Visual Studio Version 17
VisualStudioVersion = 17.0.31808.319
MinimumVisualStudioVersion = 10.0.40219.1
Project("{FAE04EC0-301F-11D3-BF4B-00C04F79EFBC}") = "ApiCrud", "ApiCrud\ApiCrud.csproj", "{87712156-92F6-4CF6-8A9D-8892CF801F37}"
EndProject
Global
	GlobalSection(SolutionConfigurationPlatforms) = preSolution
		Debug|Any CPU = Debug|Any CPU
		Release|Any CPU = Release|Any CPU
	EndGlobalSection
	GlobalSection(ProjectConfigurationPlatforms) = postSolution
		{87712156-92F6-4CF6-8A9D-8892CF801F37}.Debug|Any CPU.ActiveCfg = Debug|Any CPU
		{87712156-92F6-4CF6-8A9D-8892CF801F37}.Debug|Any CPU.Build.0 = Debug|Any CPU
		{87712156-92F6-4CF6-8A9D-8892CF801F37}.Release|Any CPU.ActiveCfg = Release|Any CPU
		{87712156-92F6-4CF6-8A9D-8892CF801F37}.Release|Any CPU.Build.0 = Release|Any CPU
	EndGlobalSection
	GlobalSection(SolutionProperties) = preSolution
		HideSolutionNode = FALSE
	EndGlobalSection
	GlobalSection(ExtensibilityGlobals) = postSolution
		SolutionGuid = {E7896900-ACED-44E2-BA62-CAD801028583}
	EndGlobalSection
EndGlobal
